
Microsoft Visual Studio Solution File, Format Version 12.00
# Visual Studio Version 16
VisualStudioVersion = 16.0.29123.88
MinimumVisualStudioVersion = 10.0.40219.1
Project("{FAE04EC0-301F-11D3-BF4B-00C04F79EFBC}") = "WebAppKeyVault", "WebAppKeyVault.csproj", "{D033C5A1-FE56-4F22-B77A-42003BB5E9A3}"
EndProject
Global
	GlobalSection(SolutionConfigurationPlatforms) = preSolution
		Debug|Any CPU = Debug|Any CPU
		Release|Any CPU = Release|Any CPU
	EndGlobalSection
	GlobalSection(ProjectConfigurationPlatforms) = postSolution
		{D033C5A1-FE56-4F22-B77A-42003BB5E9A3}.Debug|Any CPU.ActiveCfg = Debug|Any CPU
		{D033C5A1-FE56-4F22-B77A-42003BB5E9A3}.Debug|Any CPU.Build.0 = Debug|Any CPU
		{D033C5A1-FE56-4F22-B77A-42003BB5E9A3}.Release|Any CPU.ActiveCfg = Release|Any CPU
		{D033C5A1-FE56-4F22-B77A-42003BB5E9A3}.Release|Any CPU.Build.0 = Release|Any CPU
	EndGlobalSection
	GlobalSection(SolutionProperties) = preSolution
		HideSolutionNode = FALSE
	EndGlobalSection
	GlobalSection(ExtensibilityGlobals) = postSolution
		SolutionGuid = {E3F6E876-97F1-41B7-971C-620BF9EA5157}
	EndGlobalSection
EndGlobal
